// !$*UTF8*$!
{
	archiveVersion = 1;
	classes = {
	};
	objectVersion = 51;
	objects = {

/* Begin PBXBuildFile section */
		2EDAD8310A6BD5EE2E3A8488 /* Pods_Tembea.framework in Frameworks */ = {isa = PBXBuildFile; fileRef = 98B85D19C92446C2970A4EED /* Pods_Tembea.framework */; };
		4E4E6F092348C42400B70E7D /* GoogleService-Info.plist in Resources */ = {isa = PBXBuildFile; fileRef = 4E4E6F082348C42400B70E7D /* GoogleService-Info.plist */; };
		4E736EEF2347B9C8009AD40F /* StartViewController.swift in Sources */ = {isa = PBXBuildFile; fileRef = 4E736EEE2347B9C8009AD40F /* StartViewController.swift */; };
		4E736EF12347B9DB009AD40F /* LoginViewController.swift in Sources */ = {isa = PBXBuildFile; fileRef = 4E736EF02347B9DB009AD40F /* LoginViewController.swift */; };
		4E736EF32347B9FE009AD40F /* SignUpViewController.swift in Sources */ = {isa = PBXBuildFile; fileRef = 4E736EF22347B9FE009AD40F /* SignUpViewController.swift */; };
		4E736EF52347BA0D009AD40F /* HomeViewController.swift in Sources */ = {isa = PBXBuildFile; fileRef = 4E736EF42347BA0D009AD40F /* HomeViewController.swift */; };
		4EEBC60B23475281009815EB /* AppDelegate.swift in Sources */ = {isa = PBXBuildFile; fileRef = 4EEBC60A23475281009815EB /* AppDelegate.swift */; };
		4EEBC60D23475281009815EB /* ViewController.swift in Sources */ = {isa = PBXBuildFile; fileRef = 4EEBC60C23475281009815EB /* ViewController.swift */; };
		4EEBC61023475281009815EB /* Main.storyboard in Resources */ = {isa = PBXBuildFile; fileRef = 4EEBC60E23475281009815EB /* Main.storyboard */; };
		4EEBC61223475282009815EB /* Assets.xcassets in Resources */ = {isa = PBXBuildFile; fileRef = 4EEBC61123475282009815EB /* Assets.xcassets */; };
		4EEBC61523475282009815EB /* LaunchScreen.storyboard in Resources */ = {isa = PBXBuildFile; fileRef = 4EEBC61323475282009815EB /* LaunchScreen.storyboard */; };
		4EEE40DF23571E0F004EE766 /* DestinationTableViewCell.swift in Sources */ = {isa = PBXBuildFile; fileRef = 4EEE40DE23571E0F004EE766 /* DestinationTableViewCell.swift */; };
		4EEE40E123571E5A004EE766 /* DestinationTableViewController.swift in Sources */ = {isa = PBXBuildFile; fileRef = 4EEE40E023571E5A004EE766 /* DestinationTableViewController.swift */; };
/* End PBXBuildFile section */

/* Begin PBXFileReference section */
		4E4E6F082348C42400B70E7D /* GoogleService-Info.plist */ = {isa = PBXFileReference; fileEncoding = 4; lastKnownFileType = text.plist.xml; path = "GoogleService-Info.plist"; sourceTree = "<group>"; };
		4E736EEE2347B9C8009AD40F /* StartViewController.swift */ = {isa = PBXFileReference; lastKnownFileType = sourcecode.swift; path = StartViewController.swift; sourceTree = "<group>"; };
		4E736EF02347B9DB009AD40F /* LoginViewController.swift */ = {isa = PBXFileReference; lastKnownFileType = sourcecode.swift; path = LoginViewController.swift; sourceTree = "<group>"; };
		4E736EF22347B9FE009AD40F /* SignUpViewController.swift */ = {isa = PBXFileReference; lastKnownFileType = sourcecode.swift; path = SignUpViewController.swift; sourceTree = "<group>"; };
		4E736EF42347BA0D009AD40F /* HomeViewController.swift */ = {isa = PBXFileReference; lastKnownFileType = sourcecode.swift; path = HomeViewController.swift; sourceTree = "<group>"; };
		4EEBC60723475281009815EB /* Tembea.app */ = {isa = PBXFileReference; explicitFileType = wrapper.application; includeInIndex = 0; path = Tembea.app; sourceTree = BUILT_PRODUCTS_DIR; };
		4EEBC60A23475281009815EB /* AppDelegate.swift */ = {isa = PBXFileReference; lastKnownFileType = sourcecode.swift; path = AppDelegate.swift; sourceTree = "<group>"; };
		4EEBC60C23475281009815EB /* ViewController.swift */ = {isa = PBXFileReference; lastKnownFileType = sourcecode.swift; path = ViewController.swift; sourceTree = "<group>"; };
		4EEBC60F23475281009815EB /* Base */ = {isa = PBXFileReference; lastKnownFileType = file.storyboard; name = Base; path = Base.lproj/Main.storyboard; sourceTree = "<group>"; };
		4EEBC61123475282009815EB /* Assets.xcassets */ = {isa = PBXFileReference; lastKnownFileType = folder.assetcatalog; path = Assets.xcassets; sourceTree = "<group>"; };
		4EEBC61423475282009815EB /* Base */ = {isa = PBXFileReference; lastKnownFileType = file.storyboard; name = Base; path = Base.lproj/LaunchScreen.storyboard; sourceTree = "<group>"; };
		4EEBC61623475282009815EB /* Info.plist */ = {isa = PBXFileReference; lastKnownFileType = text.plist.xml; path = Info.plist; sourceTree = "<group>"; };
		4EEE40DE23571E0F004EE766 /* DestinationTableViewCell.swift */ = {isa = PBXFileReference; lastKnownFileType = sourcecode.swift; path = DestinationTableViewCell.swift; sourceTree = "<group>"; };
		4EEE40E023571E5A004EE766 /* DestinationTableViewController.swift */ = {isa = PBXFileReference; lastKnownFileType = sourcecode.swift; path = DestinationTableViewController.swift; sourceTree = "<group>"; };
		98B85D19C92446C2970A4EED /* Pods_Tembea.framework */ = {isa = PBXFileReference; explicitFileType = wrapper.framework; includeInIndex = 0; path = Pods_Tembea.framework; sourceTree = BUILT_PRODUCTS_DIR; };
		D0E13C152A4E6E022D29F4BC /* Pods-Tembea.debug.xcconfig */ = {isa = PBXFileReference; includeInIndex = 1; lastKnownFileType = text.xcconfig; name = "Pods-Tembea.debug.xcconfig"; path = "Target Support Files/Pods-Tembea/Pods-Tembea.debug.xcconfig"; sourceTree = "<group>"; };
		E49917D0B94626E96FDE8479 /* Pods-Tembea.release.xcconfig */ = {isa = PBXFileReference; includeInIndex = 1; lastKnownFileType = text.xcconfig; name = "Pods-Tembea.release.xcconfig"; path = "Target Support Files/Pods-Tembea/Pods-Tembea.release.xcconfig"; sourceTree = "<group>"; };
/* End PBXFileReference section */

/* Begin PBXFrameworksBuildPhase section */
		4EEBC60423475281009815EB /* Frameworks */ = {
			isa = PBXFrameworksBuildPhase;
			buildActionMask = 2147483647;
			files = (
				2EDAD8310A6BD5EE2E3A8488 /* Pods_Tembea.framework in Frameworks */,
			);
			runOnlyForDeploymentPostprocessing = 0;
		};
/* End PBXFrameworksBuildPhase section */

/* Begin PBXGroup section */
		2E328191EC4B1F10D3E10059 /* Pods */ = {
			isa = PBXGroup;
			children = (
				D0E13C152A4E6E022D29F4BC /* Pods-Tembea.debug.xcconfig */,
				E49917D0B94626E96FDE8479 /* Pods-Tembea.release.xcconfig */,
			);
			path = Pods;
			sourceTree = "<group>";
		};
		4EEBC5FE23475281009815EB = {
			isa = PBXGroup;
			children = (
				4EEBC60923475281009815EB /* Tembea */,
				4EEBC60823475281009815EB /* Products */,
				2E328191EC4B1F10D3E10059 /* Pods */,
				A207C434366D9C8C281FFE7A /* Frameworks */,
			);
			sourceTree = "<group>";
		};
		4EEBC60823475281009815EB /* Products */ = {
			isa = PBXGroup;
			children = (
				4EEBC60723475281009815EB /* Tembea.app */,
			);
			name = Products;
			sourceTree = "<group>";
		};
		4EEBC60923475281009815EB /* Tembea */ = {
			isa = PBXGroup;
			children = (
				4EEBC60A23475281009815EB /* AppDelegate.swift */,
				4EEBC60C23475281009815EB /* ViewController.swift */,
				4E736EEE2347B9C8009AD40F /* StartViewController.swift */,
				4E736EF02347B9DB009AD40F /* LoginViewController.swift */,
				4E736EF22347B9FE009AD40F /* SignUpViewController.swift */,
				4E736EF42347BA0D009AD40F /* HomeViewController.swift */,
				4EEE40DE23571E0F004EE766 /* DestinationTableViewCell.swift */,
				4EEE40E023571E5A004EE766 /* DestinationTableViewController.swift */,
				4EEBC60E23475281009815EB /* Main.storyboard */,
				4EEBC61123475282009815EB /* Assets.xcassets */,
				4EEBC61323475282009815EB /* LaunchScreen.storyboard */,
				4EEBC61623475282009815EB /* Info.plist */,
				4E4E6F082348C42400B70E7D /* GoogleService-Info.plist */,
			);
			path = Tembea;
			sourceTree = "<group>";
		};
		A207C434366D9C8C281FFE7A /* Frameworks */ = {
			isa = PBXGroup;
			children = (
				98B85D19C92446C2970A4EED /* Pods_Tembea.framework */,
			);
			name = Frameworks;
			sourceTree = "<group>";
		};
/* End PBXGroup section */

/* Begin PBXNativeTarget section */
		4EEBC60623475281009815EB /* Tembea */ = {
			isa = PBXNativeTarget;
			buildConfigurationList = 4EEBC61923475282009815EB /* Build configuration list for PBXNativeTarget "Tembea" */;
			buildPhases = (
				D5A588402CA3B77CD7F3144A /* [CP] Check Pods Manifest.lock */,
				4EEBC60323475281009815EB /* Sources */,
				4EEBC60423475281009815EB /* Frameworks */,
				4EEBC60523475281009815EB /* Resources */,
				A14E23AB114E29D5D323C097 /* [CP] Embed Pods Frameworks */,
			);
			buildRules = (
			);
			dependencies = (
			);
			name = Tembea;
			productName = Tembea;
			productReference = 4EEBC60723475281009815EB /* Tembea.app */;
			productType = "com.apple.product-type.application";
		};
/* End PBXNativeTarget section */

/* Begin PBXProject section */
		4EEBC5FF23475281009815EB /* Project object */ = {
			isa = PBXProject;
			attributes = {
				LastSwiftUpdateCheck = 1030;
				LastUpgradeCheck = 1030;
				ORGANIZATIONNAME = "Kevin Lagat";
				TargetAttributes = {
					4EEBC60623475281009815EB = {
						CreatedOnToolsVersion = 10.3;
					};
				};
			};
			buildConfigurationList = 4EEBC60223475281009815EB /* Build configuration list for PBXProject "Tembea" */;
			compatibilityVersion = "Xcode 9.3";
			developmentRegion = en;
			hasScannedForEncodings = 0;
			knownRegions = (
				en,
				Base,
			);
			mainGroup = 4EEBC5FE23475281009815EB;
			productRefGroup = 4EEBC60823475281009815EB /* Products */;
			projectDirPath = "";
			projectRoot = "";
			targets = (
				4EEBC60623475281009815EB /* Tembea */,
			);
		};
/* End PBXProject section */

/* Begin PBXResourcesBuildPhase section */
		4EEBC60523475281009815EB /* Resources */ = {
			isa = PBXResourcesBuildPhase;
			buildActionMask = 2147483647;
			files = (
				4EEBC61523475282009815EB /* LaunchScreen.storyboard in Resources */,
				4E4E6F092348C42400B70E7D /* GoogleService-Info.plist in Resources */,
				4EEBC61223475282009815EB /* Assets.xcassets in Resources */,
				4EEBC61023475281009815EB /* Main.storyboard in Resources */,
			);
			runOnlyForDeploymentPostprocessing = 0;
		};
/* End PBXResourcesBuildPhase section */

/* Begin PBXShellScriptBuildPhase section */
		A14E23AB114E29D5D323C097 /* [CP] Embed Pods Frameworks */ = {
			isa = PBXShellScriptBuildPhase;
			buildActionMask = 2147483647;
			files = (
			);
			inputFileListPaths = (
				"${PODS_ROOT}/Target Support Files/Pods-Tembea/Pods-Tembea-frameworks-${CONFIGURATION}-input-files.xcfilelist",
			);
			name = "[CP] Embed Pods Frameworks";
			outputFileListPaths = (
				"${PODS_ROOT}/Target Support Files/Pods-Tembea/Pods-Tembea-frameworks-${CONFIGURATION}-output-files.xcfilelist",
			);
			runOnlyForDeploymentPostprocessing = 0;
			shellPath = /bin/sh;
			shellScript = "\"${PODS_ROOT}/Target Support Files/Pods-Tembea/Pods-Tembea-frameworks.sh\"\n";
			showEnvVarsInLog = 0;
		};
		D5A588402CA3B77CD7F3144A /* [CP] Check Pods Manifest.lock */ = {
			isa = PBXShellScriptBuildPhase;
			buildActionMask = 2147483647;
			files = (
			);
			inputFileListPaths = (
			);
			inputPaths = (
				"${PODS_PODFILE_DIR_PATH}/Podfile.lock",
				"${PODS_ROOT}/Manifest.lock",
			);
			name = "[CP] Check Pods Manifest.lock";
			outputFileListPaths = (
			);
			outputPaths = (
				"$(DERIVED_FILE_DIR)/Pods-Tembea-checkManifestLockResult.txt",
			);
			runOnlyForDeploymentPostprocessing = 0;
			shellPath = /bin/sh;
			shellScript = "diff \"${PODS_PODFILE_DIR_PATH}/Podfile.lock\" \"${PODS_ROOT}/Manifest.lock\" > /dev/null\nif [ $? != 0 ] ; then\n    # print error to STDERR\n    echo \"error: The sandbox is not in sync with the Podfile.lock. Run 'pod install' or update your CocoaPods installation.\" >&2\n    exit 1\nfi\n# This output is used by Xcode 'outputs' to avoid re-running this script phase.\necho \"SUCCESS\" > \"${SCRIPT_OUTPUT_FILE_0}\"\n";
			showEnvVarsInLog = 0;
		};
/* End PBXShellScriptBuildPhase section */

/* Begin PBXSourcesBuildPhase section */
		4EEBC60323475281009815EB /* Sources */ = {
			isa = PBXSourcesBuildPhase;
			buildActionMask = 2147483647;
			files = (
				4EEE40E123571E5A004EE766 /* DestinationTableViewController.swift in Sources */,
				4EEE40DF23571E0F004EE766 /* DestinationTableViewCell.swift in Sources */,
				4E736EF12347B9DB009AD40F /* LoginViewController.swift in Sources */,
				4EEBC60D23475281009815EB /* ViewController.swift in Sources */,
				4EEBC60B23475281009815EB /* AppDelegate.swift in Sources */,
				4E736EEF2347B9C8009AD40F /* StartViewController.swift in Sources */,
				4E736EF32347B9FE009AD40F /* SignUpViewController.swift in Sources */,
				4E736EF52347BA0D009AD40F /* HomeViewController.swift in Sources */,
			);
			runOnlyForDeploymentPostprocessing = 0;
		};
/* End PBXSourcesBuildPhase section */

/* Begin PBXVariantGroup section */
		4EEBC60E23475281009815EB /* Main.storyboard */ = {
			isa = PBXVariantGroup;
			children = (
				4EEBC60F23475281009815EB /* Base */,
			);
			name = Main.storyboard;
			sourceTree = "<group>";
		};
		4EEBC61323475282009815EB /* LaunchScreen.storyboard */ = {
			isa = PBXVariantGroup;
			children = (
				4EEBC61423475282009815EB /* Base */,
			);
			name = LaunchScreen.storyboard;
			sourceTree = "<group>";
		};
/* End PBXVariantGroup section */

/* Begin XCBuildConfiguration section */
		4EEBC61723475282009815EB /* Debug */ = {
			isa = XCBuildConfiguration;
			buildSettings = {
				ALWAYS_SEARCH_USER_PATHS = NO;
				CLANG_ANALYZER_NONNULL = YES;
				CLANG_ANALYZER_NUMBER_OBJECT_CONVERSION = YES_AGGRESSIVE;
				CLANG_CXX_LANGUAGE_STANDARD = "gnu++14";
				CLANG_CXX_LIBRARY = "libc++";
				CLANG_ENABLE_MODULES = YES;
				CLANG_ENABLE_OBJC_ARC = YES;
				CLANG_ENABLE_OBJC_WEAK = YES;
				CLANG_WARN_BLOCK_CAPTURE_AUTORELEASING = YES;
				CLANG_WARN_BOOL_CONVERSION = YES;
				CLANG_WARN_COMMA = YES;
				CLANG_WARN_CONSTANT_CONVERSION = YES;
				CLANG_WARN_DEPRECATED_OBJC_IMPLEMENTATIONS = YES;
				CLANG_WARN_DIRECT_OBJC_ISA_USAGE = YES_ERROR;
				CLANG_WARN_DOCUMENTATION_COMMENTS = YES;
				CLANG_WARN_EMPTY_BODY = YES;
				CLANG_WARN_ENUM_CONVERSION = YES;
				CLANG_WARN_INFINITE_RECURSION = YES;
				CLANG_WARN_INT_CONVERSION = YES;
				CLANG_WARN_NON_LITERAL_NULL_CONVERSION = YES;
				CLANG_WARN_OBJC_IMPLICIT_RETAIN_SELF = YES;
				CLANG_WARN_OBJC_LITERAL_CONVERSION = YES;
				CLANG_WARN_OBJC_ROOT_CLASS = YES_ERROR;
				CLANG_WARN_RANGE_LOOP_ANALYSIS = YES;
				CLANG_WARN_STRICT_PROTOTYPES = YES;
				CLANG_WARN_SUSPICIOUS_MOVE = YES;
				CLANG_WARN_UNGUARDED_AVAILABILITY = YES_AGGRESSIVE;
				CLANG_WARN_UNREACHABLE_CODE = YES;
				CLANG_WARN__DUPLICATE_METHOD_MATCH = YES;
				CODE_SIGN_IDENTITY = "iPhone Developer";
				COPY_PHASE_STRIP = NO;
				DEBUG_INFORMATION_FORMAT = dwarf;
				ENABLE_STRICT_OBJC_MSGSEND = YES;
				ENABLE_TESTABILITY = YES;
				GCC_C_LANGUAGE_STANDARD = gnu11;
				GCC_DYNAMIC_NO_PIC = NO;
				GCC_NO_COMMON_BLOCKS = YES;
				GCC_OPTIMIZATION_LEVEL = 0;
				GCC_PREPROCESSOR_DEFINITIONS = (
					"DEBUG=1",
					"$(inherited)",
				);
				GCC_WARN_64_TO_32_BIT_CONVERSION = YES;
				GCC_WARN_ABOUT_RETURN_TYPE = YES_ERROR;
				GCC_WARN_UNDECLARED_SELECTOR = YES;
				GCC_WARN_UNINITIALIZED_AUTOS = YES_AGGRESSIVE;
				GCC_WARN_UNUSED_FUNCTION = YES;
				GCC_WARN_UNUSED_VARIABLE = YES;
				IPHONEOS_DEPLOYMENT_TARGET = 12.4;
				MTL_ENABLE_DEBUG_INFO = INCLUDE_SOURCE;
				MTL_FAST_MATH = YES;
				ONLY_ACTIVE_ARCH = YES;
				SDKROOT = iphoneos;
				SWIFT_ACTIVE_COMPILATION_CONDITIONS = DEBUG;
				SWIFT_OPTIMIZATION_LEVEL = "-Onone";
			};
			name = Debug;
		};
		4EEBC61823475282009815EB /* Release */ = {
			isa = XCBuildConfiguration;
			buildSettings = {
				ALWAYS_SEARCH_USER_PATHS = NO;
				CLANG_ANALYZER_NONNULL = YES;
				CLANG_ANALYZER_NUMBER_OBJECT_CONVERSION = YES_AGGRESSIVE;
				CLANG_CXX_LANGUAGE_STANDARD = "gnu++14";
				CLANG_CXX_LIBRARY = "libc++";
				CLANG_ENABLE_MODULES = YES;
				CLANG_ENABLE_OBJC_ARC = YES;
				CLANG_ENABLE_OBJC_WEAK = YES;
				CLANG_WARN_BLOCK_CAPTURE_AUTORELEASING = YES;
				CLANG_WARN_BOOL_CONVERSION = YES;
				CLANG_WARN_COMMA = YES;
				CLANG_WARN_CONSTANT_CONVERSION = YES;
				CLANG_WARN_DEPRECATED_OBJC_IMPLEMENTATIONS = YES;
				CLANG_WARN_DIRECT_OBJC_ISA_USAGE = YES_ERROR;
				CLANG_WARN_DOCUMENTATION_COMMENTS = YES;
				CLANG_WARN_EMPTY_BODY = YES;
				CLANG_WARN_ENUM_CONVERSION = YES;
				CLANG_WARN_INFINITE_RECURSION = YES;
				CLANG_WARN_INT_CONVERSION = YES;
				CLANG_WARN_NON_LITERAL_NULL_CONVERSION = YES;
				CLANG_WARN_OBJC_IMPLICIT_RETAIN_SELF = YES;
				CLANG_WARN_OBJC_LITERAL_CONVERSION = YES;
				CLANG_WARN_OBJC_ROOT_CLASS = YES_ERROR;
				CLANG_WARN_RANGE_LOOP_ANALYSIS = YES;
				CLANG_WARN_STRICT_PROTOTYPES = YES;
				CLANG_WARN_SUSPICIOUS_MOVE = YES;
				CLANG_WARN_UNGUARDED_AVAILABILITY = YES_AGGRESSIVE;
				CLANG_WARN_UNREACHABLE_CODE = YES;
				CLANG_WARN__DUPLICATE_METHOD_MATCH = YES;
				CODE_SIGN_IDENTITY = "iPhone Developer";
				COPY_PHASE_STRIP = NO;
				DEBUG_INFORMATION_FORMAT = "dwarf-with-dsym";
				ENABLE_NS_ASSERTIONS = NO;
				ENABLE_STRICT_OBJC_MSGSEND = YES;
				GCC_C_LANGUAGE_STANDARD = gnu11;
				GCC_NO_COMMON_BLOCKS = YES;
				GCC_WARN_64_TO_32_BIT_CONVERSION = YES;
				GCC_WARN_ABOUT_RETURN_TYPE = YES_ERROR;
				GCC_WARN_UNDECLARED_SELECTOR = YES;
				GCC_WARN_UNINITIALIZED_AUTOS = YES_AGGRESSIVE;
				GCC_WARN_UNUSED_FUNCTION = YES;
				GCC_WARN_UNUSED_VARIABLE = YES;
				IPHONEOS_DEPLOYMENT_TARGET = 12.4;
				MTL_ENABLE_DEBUG_INFO = NO;
				MTL_FAST_MATH = YES;
				SDKROOT = iphoneos;
				SWIFT_COMPILATION_MODE = wholemodule;
				SWIFT_OPTIMIZATION_LEVEL = "-O";
				VALIDATE_PRODUCT = YES;
			};
			name = Release;
		};
		4EEBC61A23475282009815EB /* Debug */ = {
			isa = XCBuildConfiguration;
			baseConfigurationReference = D0E13C152A4E6E022D29F4BC /* Pods-Tembea.debug.xcconfig */;
			buildSettings = {
				ASSETCATALOG_COMPILER_APPICON_NAME = AppIcon;
				CODE_SIGN_STYLE = Automatic;
				INFOPLIST_FILE = Tembea/Info.plist;
				LD_RUNPATH_SEARCH_PATHS = (
					"$(inherited)",
					"@executable_path/Frameworks",
				);
				PRODUCT_BUNDLE_IDENTIFIER = codes.arusey.Tembea;
				PRODUCT_NAME = "$(TARGET_NAME)";
				SWIFT_VERSION = 5.0;
				TARGETED_DEVICE_FAMILY = "1,2";
			};
			name = Debug;
		};
		4EEBC61B23475282009815EB /* Release */ = {
			isa = XCBuildConfiguration;
			baseConfigurationReference = E49917D0B94626E96FDE8479 /* Pods-Tembea.release.xcconfig */;
			buildSettings = {
				ASSETCATALOG_COMPILER_APPICON_NAME = AppIcon;
				CODE_SIGN_STYLE = Automatic;
				INFOPLIST_FILE = Tembea/Info.plist;
				LD_RUNPATH_SEARCH_PATHS = (
					"$(inherited)",
					"@executable_path/Frameworks",
				);
				PRODUCT_BUNDLE_IDENTIFIER = codes.arusey.Tembea;
				PRODUCT_NAME = "$(TARGET_NAME)";
				SWIFT_VERSION = 5.0;
				TARGETED_DEVICE_FAMILY = "1,2";
			};
			name = Release;
		};
/* End XCBuildConfiguration section */

/* Begin XCConfigurationList section */
		4EEBC60223475281009815EB /* Build configuration list for PBXProject "Tembea" */ = {
			isa = XCConfigurationList;
			buildConfigurations = (
				4EEBC61723475282009815EB /* Debug */,
				4EEBC61823475282009815EB /* Release */,
			);
			defaultConfigurationIsVisible = 0;
			defaultConfigurationName = Release;
		};
		4EEBC61923475282009815EB /* Build configuration list for PBXNativeTarget "Tembea" */ = {
			isa = XCConfigurationList;
			buildConfigurations = (
				4EEBC61A23475282009815EB /* Debug */,
				4EEBC61B23475282009815EB /* Release */,
			);
			defaultConfigurationIsVisible = 0;
			defaultConfigurationName = Release;
		};
/* End XCConfigurationList section */
	};
	rootObject = 4EEBC5FF23475281009815EB /* Project object */;
}
